// !$*UTF8*$!
{
	archiveVersion = 1;
	classes = {
	};
	objectVersion = 46;
	objects = {

/* Begin PBXBuildFile section */
		8AB6E6CA1B983E7100BF2F98 /* TestBlocks.m in Sources */ = {isa = PBXBuildFile; fileRef = 8AB6E6C91B983E7100BF2F98 /* TestBlocks.m */; };
		8AB6E6CD1B98930700BF2F98 /* TestContainers.m in Sources */ = {isa = PBXBuildFile; fileRef = 8AB6E6CC1B98930700BF2F98 /* TestContainers.m */; };
		8AB6E6D01B9893B500BF2F98 /* User.m in Sources */ = {isa = PBXBuildFile; fileRef = 8AB6E6CF1B9893B500BF2F98 /* User.m */; };
		8AC0E6111B90491D00EA5C65 /* iAd.framework in Frameworks */ = {isa = PBXBuildFile; fileRef = 8AC0E6101B90491D00EA5C65 /* iAd.framework */; };
		8AC2AC4D1B9368200073FF20 /* User___.m in Sources */ = {isa = PBXBuildFile; fileRef = 8AC2AC4C1B9368200073FF20 /* User___.m */; };
		8AC2AC501B936A720073FF20 /* TestObjectiveC.m in Sources */ = {isa = PBXBuildFile; fileRef = 8AC2AC4F1B936A720073FF20 /* TestObjectiveC.m */; };
		8ADE000D1B8C5294007856B0 /* main.m in Sources */ = {isa = PBXBuildFile; fileRef = 8ADE000C1B8C5294007856B0 /* main.m */; };
		8ADE00101B8C5294007856B0 /* AppDelegate.m in Sources */ = {isa = PBXBuildFile; fileRef = 8ADE000F1B8C5294007856B0 /* AppDelegate.m */; };
		8ADE00181B8C5294007856B0 /* Images.xcassets in Resources */ = {isa = PBXBuildFile; fileRef = 8ADE00171B8C5294007856B0 /* Images.xcassets */; };
		8ADE001B1B8C5294007856B0 /* LaunchScreen.xib in Resources */ = {isa = PBXBuildFile; fileRef = 8ADE00191B8C5294007856B0 /* LaunchScreen.xib */; };
		8ADE00271B8C5294007856B0 /* ManualUILayoutTests.m in Sources */ = {isa = PBXBuildFile; fileRef = 8ADE00261B8C5294007856B0 /* ManualUILayoutTests.m */; };
		8ADE00331B8C52ED007856B0 /* ViewController.m in Sources */ = {isa = PBXBuildFile; fileRef = 8ADE00311B8C52ED007856B0 /* ViewController.m */; };
		8ADE00341B8C52ED007856B0 /* ViewController.xib in Resources */ = {isa = PBXBuildFile; fileRef = 8ADE00321B8C52ED007856B0 /* ViewController.xib */; };
		8ADE00381B8C59EB007856B0 /* SwitchContainer.m in Sources */ = {isa = PBXBuildFile; fileRef = 8ADE00371B8C59EB007856B0 /* SwitchContainer.m */; };
		8ADE003B1B8C5A4F007856B0 /* Switch.m in Sources */ = {isa = PBXBuildFile; fileRef = 8ADE003A1B8C5A4F007856B0 /* Switch.m */; };
		8AEE222B1B8EFEC600DDE369 /* MenuViewController.m in Sources */ = {isa = PBXBuildFile; fileRef = 8AEE22291B8EFEC600DDE369 /* MenuViewController.m */; };
		8AEE222C1B8EFEC600DDE369 /* MenuViewController.xib in Resources */ = {isa = PBXBuildFile; fileRef = 8AEE222A1B8EFEC600DDE369 /* MenuViewController.xib */; };
		8AEE22311B8F0CEA00DDE369 /* Screen1ViewController.m in Sources */ = {isa = PBXBuildFile; fileRef = 8AEE222F1B8F0CEA00DDE369 /* Screen1ViewController.m */; };
		8AEE22321B8F0CEA00DDE369 /* Screen1ViewController.xib in Resources */ = {isa = PBXBuildFile; fileRef = 8AEE22301B8F0CEA00DDE369 /* Screen1ViewController.xib */; };
/* End PBXBuildFile section */

/* Begin PBXContainerItemProxy section */
		8ADE00211B8C5294007856B0 /* PBXContainerItemProxy */ = {
			isa = PBXContainerItemProxy;
			containerPortal = 8ADEFFFF1B8C5294007856B0 /* Project object */;
			proxyType = 1;
			remoteGlobalIDString = 8ADE00061B8C5294007856B0;
			remoteInfo = ManualUILayout;
		};
/* End PBXContainerItemProxy section */

/* Begin PBXFileReference section */
		8AB6E6C81B983E7100BF2F98 /* TestBlocks.h */ = {isa = PBXFileReference; fileEncoding = 4; lastKnownFileType = sourcecode.c.h; path = TestBlocks.h; sourceTree = "<group>"; };
		8AB6E6C91B983E7100BF2F98 /* TestBlocks.m */ = {isa = PBXFileReference; fileEncoding = 4; lastKnownFileType = sourcecode.c.objc; path = TestBlocks.m; sourceTree = "<group>"; };
		8AB6E6CB1B98930700BF2F98 /* TestContainers.h */ = {isa = PBXFileReference; fileEncoding = 4; lastKnownFileType = sourcecode.c.h; path = TestContainers.h; sourceTree = "<group>"; };
		8AB6E6CC1B98930700BF2F98 /* TestContainers.m */ = {isa = PBXFileReference; fileEncoding = 4; lastKnownFileType = sourcecode.c.objc; path = TestContainers.m; sourceTree = "<group>"; };
		8AB6E6CE1B9893B500BF2F98 /* User.h */ = {isa = PBXFileReference; fileEncoding = 4; lastKnownFileType = sourcecode.c.h; path = User.h; sourceTree = "<group>"; };
		8AB6E6CF1B9893B500BF2F98 /* User.m */ = {isa = PBXFileReference; fileEncoding = 4; lastKnownFileType = sourcecode.c.objc; path = User.m; sourceTree = "<group>"; };
		8AC0E6101B90491D00EA5C65 /* iAd.framework */ = {isa = PBXFileReference; lastKnownFileType = wrapper.framework; name = iAd.framework; path = System/Library/Frameworks/iAd.framework; sourceTree = SDKROOT; };
		8AC2AC4B1B9368200073FF20 /* User___.h */ = {isa = PBXFileReference; fileEncoding = 4; lastKnownFileType = sourcecode.c.h; path = "User___.h"; sourceTree = "<group>"; };
		8AC2AC4C1B9368200073FF20 /* User___.m */ = {isa = PBXFileReference; fileEncoding = 4; lastKnownFileType = sourcecode.c.objc; path = "User___.m"; sourceTree = "<group>"; };
		8AC2AC4E1B936A720073FF20 /* TestObjectiveC.h */ = {isa = PBXFileReference; fileEncoding = 4; lastKnownFileType = sourcecode.c.h; path = TestObjectiveC.h; sourceTree = "<group>"; };
		8AC2AC4F1B936A720073FF20 /* TestObjectiveC.m */ = {isa = PBXFileReference; fileEncoding = 4; lastKnownFileType = sourcecode.c.objc; path = TestObjectiveC.m; sourceTree = "<group>"; };
		8ADE00071B8C5294007856B0 /* ManualUILayout.app */ = {isa = PBXFileReference; explicitFileType = wrapper.application; includeInIndex = 0; path = ManualUILayout.app; sourceTree = BUILT_PRODUCTS_DIR; };
		8ADE000B1B8C5294007856B0 /* Info.plist */ = {isa = PBXFileReference; lastKnownFileType = text.plist.xml; path = Info.plist; sourceTree = "<group>"; };
		8ADE000C1B8C5294007856B0 /* main.m */ = {isa = PBXFileReference; lastKnownFileType = sourcecode.c.objc; path = main.m; sourceTree = "<group>"; };
		8ADE000E1B8C5294007856B0 /* AppDelegate.h */ = {isa = PBXFileReference; lastKnownFileType = sourcecode.c.h; path = AppDelegate.h; sourceTree = "<group>"; };
		8ADE000F1B8C5294007856B0 /* AppDelegate.m */ = {isa = PBXFileReference; lastKnownFileType = sourcecode.c.objc; path = AppDelegate.m; sourceTree = "<group>"; };
		8ADE00171B8C5294007856B0 /* Images.xcassets */ = {isa = PBXFileReference; lastKnownFileType = folder.assetcatalog; path = Images.xcassets; sourceTree = "<group>"; };
		8ADE001A1B8C5294007856B0 /* Base */ = {isa = PBXFileReference; lastKnownFileType = file.xib; name = Base; path = Base.lproj/LaunchScreen.xib; sourceTree = "<group>"; };
		8ADE00201B8C5294007856B0 /* ManualUILayoutTests.xctest */ = {isa = PBXFileReference; explicitFileType = wrapper.cfbundle; includeInIndex = 0; path = ManualUILayoutTests.xctest; sourceTree = BUILT_PRODUCTS_DIR; };
		8ADE00251B8C5294007856B0 /* Info.plist */ = {isa = PBXFileReference; lastKnownFileType = text.plist.xml; path = Info.plist; sourceTree = "<group>"; };
		8ADE00261B8C5294007856B0 /* ManualUILayoutTests.m */ = {isa = PBXFileReference; lastKnownFileType = sourcecode.c.objc; path = ManualUILayoutTests.m; sourceTree = "<group>"; };
		8ADE00301B8C52ED007856B0 /* ViewController.h */ = {isa = PBXFileReference; fileEncoding = 4; lastKnownFileType = sourcecode.c.h; path = ViewController.h; sourceTree = "<group>"; };
		8ADE00311B8C52ED007856B0 /* ViewController.m */ = {isa = PBXFileReference; fileEncoding = 4; lastKnownFileType = sourcecode.c.objc; path = ViewController.m; sourceTree = "<group>"; };
		8ADE00321B8C52ED007856B0 /* ViewController.xib */ = {isa = PBXFileReference; fileEncoding = 4; lastKnownFileType = file.xib; path = ViewController.xib; sourceTree = "<group>"; };
		8ADE00361B8C59EB007856B0 /* SwitchContainer.h */ = {isa = PBXFileReference; fileEncoding = 4; lastKnownFileType = sourcecode.c.h; path = SwitchContainer.h; sourceTree = "<group>"; };
		8ADE00371B8C59EB007856B0 /* SwitchContainer.m */ = {isa = PBXFileReference; fileEncoding = 4; lastKnownFileType = sourcecode.c.objc; path = SwitchContainer.m; sourceTree = "<group>"; };
		8ADE00391B8C5A4F007856B0 /* Switch.h */ = {isa = PBXFileReference; fileEncoding = 4; lastKnownFileType = sourcecode.c.h; path = Switch.h; sourceTree = "<group>"; };
		8ADE003A1B8C5A4F007856B0 /* Switch.m */ = {isa = PBXFileReference; fileEncoding = 4; lastKnownFileType = sourcecode.c.objc; path = Switch.m; sourceTree = "<group>"; };
		8AEE22281B8EFEC600DDE369 /* MenuViewController.h */ = {isa = PBXFileReference; fileEncoding = 4; lastKnownFileType = sourcecode.c.h; path = MenuViewController.h; sourceTree = "<group>"; };
		8AEE22291B8EFEC600DDE369 /* MenuViewController.m */ = {isa = PBXFileReference; fileEncoding = 4; lastKnownFileType = sourcecode.c.objc; path = MenuViewController.m; sourceTree = "<group>"; };
		8AEE222A1B8EFEC600DDE369 /* MenuViewController.xib */ = {isa = PBXFileReference; fileEncoding = 4; lastKnownFileType = file.xib; path = MenuViewController.xib; sourceTree = "<group>"; };
		8AEE222E1B8F0CEA00DDE369 /* Screen1ViewController.h */ = {isa = PBXFileReference; fileEncoding = 4; lastKnownFileType = sourcecode.c.h; path = Screen1ViewController.h; sourceTree = "<group>"; };
		8AEE222F1B8F0CEA00DDE369 /* Screen1ViewController.m */ = {isa = PBXFileReference; fileEncoding = 4; lastKnownFileType = sourcecode.c.objc; path = Screen1ViewController.m; sourceTree = "<group>"; };
		8AEE22301B8F0CEA00DDE369 /* Screen1ViewController.xib */ = {isa = PBXFileReference; fileEncoding = 4; lastKnownFileType = file.xib; path = Screen1ViewController.xib; sourceTree = "<group>"; };
/* End PBXFileReference section */

/* Begin PBXFrameworksBuildPhase section */
		8ADE00041B8C5294007856B0 /* Frameworks */ = {
			isa = PBXFrameworksBuildPhase;
			buildActionMask = 2147483647;
			files = (
				8AC0E6111B90491D00EA5C65 /* iAd.framework in Frameworks */,
			);
			runOnlyForDeploymentPostprocessing = 0;
		};
		8ADE001D1B8C5294007856B0 /* Frameworks */ = {
			isa = PBXFrameworksBuildPhase;
			buildActionMask = 2147483647;
			files = (
			);
			runOnlyForDeploymentPostprocessing = 0;
		};
/* End PBXFrameworksBuildPhase section */

/* Begin PBXGroup section */
		8AC2AC4A1B9367FD0073FF20 /* Objective-C */ = {
			isa = PBXGroup;
			children = (
				8AC2AC4B1B9368200073FF20 /* User___.h */,
				8AC2AC4C1B9368200073FF20 /* User___.m */,
				8AC2AC4E1B936A720073FF20 /* TestObjectiveC.h */,
				8AC2AC4F1B936A720073FF20 /* TestObjectiveC.m */,
				8AB6E6C81B983E7100BF2F98 /* TestBlocks.h */,
				8AB6E6C91B983E7100BF2F98 /* TestBlocks.m */,
				8AB6E6CB1B98930700BF2F98 /* TestContainers.h */,
				8AB6E6CC1B98930700BF2F98 /* TestContainers.m */,
				8AB6E6CE1B9893B500BF2F98 /* User.h */,
				8AB6E6CF1B9893B500BF2F98 /* User.m */,
			);
			name = "Objective-C";
			sourceTree = "<group>";
		};
		8ADE00081B8C5294007856B0 /* Products */ = {
			isa = PBXGroup;
			children = (
				8ADE00071B8C5294007856B0 /* ManualUILayout.app */,
				8ADE00201B8C5294007856B0 /* ManualUILayoutTests.xctest */,
			);
			name = Products;
			sourceTree = "<group>";
		};
		8ADE00091B8C5294007856B0 /* ManualUILayout */ = {
			isa = PBXGroup;
			children = (
				8AC2AC4A1B9367FD0073FF20 /* Objective-C */,
				8ADE00351B8C5976007856B0 /* Simple layout */,
				8AEE22271B8EFDF300DDE369 /* Navigation */,
				8ADE000A1B8C5294007856B0 /* Supporting Files */,
			);
			path = ManualUILayout;
			sourceTree = "<group>";
		};
		8ADE000A1B8C5294007856B0 /* Supporting Files */ = {
			isa = PBXGroup;
			children = (
				8ADE000E1B8C5294007856B0 /* AppDelegate.h */,
				8ADE000F1B8C5294007856B0 /* AppDelegate.m */,
				8ADE00171B8C5294007856B0 /* Images.xcassets */,
				8ADE00191B8C5294007856B0 /* LaunchScreen.xib */,
				8ADE000B1B8C5294007856B0 /* Info.plist */,
				8ADE000C1B8C5294007856B0 /* main.m */,
			);
			name = "Supporting Files";
			sourceTree = "<group>";
		};
		8ADE00231B8C5294007856B0 /* ManualUILayoutTests */ = {
			isa = PBXGroup;
			children = (
				8ADE00261B8C5294007856B0 /* ManualUILayoutTests.m */,
				8ADE00241B8C5294007856B0 /* Supporting Files */,
			);
			path = ManualUILayoutTests;
			sourceTree = "<group>";
		};
		8ADE00241B8C5294007856B0 /* Supporting Files */ = {
			isa = PBXGroup;
			children = (
				8ADE00251B8C5294007856B0 /* Info.plist */,
			);
			name = "Supporting Files";
			sourceTree = "<group>";
		};
		8ADE00351B8C5976007856B0 /* Simple layout */ = {
			isa = PBXGroup;
			children = (
				8ADE00301B8C52ED007856B0 /* ViewController.h */,
				8ADE00311B8C52ED007856B0 /* ViewController.m */,
				8ADE00321B8C52ED007856B0 /* ViewController.xib */,
				8ADE00361B8C59EB007856B0 /* SwitchContainer.h */,
				8ADE00371B8C59EB007856B0 /* SwitchContainer.m */,
				8ADE00391B8C5A4F007856B0 /* Switch.h */,
				8ADE003A1B8C5A4F007856B0 /* Switch.m */,
			);
			name = "Simple layout";
			sourceTree = "<group>";
		};
		8ADEFFFE1B8C5294007856B0 = {
			isa = PBXGroup;
			children = (
				8AC0E6101B90491D00EA5C65 /* iAd.framework */,
				8ADE00091B8C5294007856B0 /* ManualUILayout */,
				8ADE00231B8C5294007856B0 /* ManualUILayoutTests */,
				8ADE00081B8C5294007856B0 /* Products */,
			);
			sourceTree = "<group>";
		};
		8AEE22271B8EFDF300DDE369 /* Navigation */ = {
			isa = PBXGroup;
			children = (
				8AEE22281B8EFEC600DDE369 /* MenuViewController.h */,
				8AEE22291B8EFEC600DDE369 /* MenuViewController.m */,
				8AEE222A1B8EFEC600DDE369 /* MenuViewController.xib */,
				8AEE222E1B8F0CEA00DDE369 /* Screen1ViewController.h */,
				8AEE222F1B8F0CEA00DDE369 /* Screen1ViewController.m */,
				8AEE22301B8F0CEA00DDE369 /* Screen1ViewController.xib */,
			);
			name = Navigation;
			sourceTree = "<group>";
		};
/* End PBXGroup section */

/* Begin PBXNativeTarget section */
		8ADE00061B8C5294007856B0 /* ManualUILayout */ = {
			isa = PBXNativeTarget;
			buildConfigurationList = 8ADE002A1B8C5294007856B0 /* Build configuration list for PBXNativeTarget "ManualUILayout" */;
			buildPhases = (
				8ADE00031B8C5294007856B0 /* Sources */,
				8ADE00041B8C5294007856B0 /* Frameworks */,
				8ADE00051B8C5294007856B0 /* Resources */,
			);
			buildRules = (
			);
			dependencies = (
			);
			name = ManualUILayout;
			productName = ManualUILayout;
			productReference = 8ADE00071B8C5294007856B0 /* ManualUILayout.app */;
			productType = "com.apple.product-type.application";
		};
		8ADE001F1B8C5294007856B0 /* ManualUILayoutTests */ = {
			isa = PBXNativeTarget;
			buildConfigurationList = 8ADE002D1B8C5294007856B0 /* Build configuration list for PBXNativeTarget "ManualUILayoutTests" */;
			buildPhases = (
				8ADE001C1B8C5294007856B0 /* Sources */,
				8ADE001D1B8C5294007856B0 /* Frameworks */,
				8ADE001E1B8C5294007856B0 /* Resources */,
			);
			buildRules = (
			);
			dependencies = (
				8ADE00221B8C5294007856B0 /* PBXTargetDependency */,
			);
			name = ManualUILayoutTests;
			productName = ManualUILayoutTests;
			productReference = 8ADE00201B8C5294007856B0 /* ManualUILayoutTests.xctest */;
			productType = "com.apple.product-type.bundle.unit-test";
		};
/* End PBXNativeTarget section */

/* Begin PBXProject section */
		8ADEFFFF1B8C5294007856B0 /* Project object */ = {
			isa = PBXProject;
			attributes = {
				LastUpgradeCheck = 0640;
				ORGANIZATIONNAME = "Test projects";
				TargetAttributes = {
					8ADE00061B8C5294007856B0 = {
						CreatedOnToolsVersion = 6.4;
					};
					8ADE001F1B8C5294007856B0 = {
						CreatedOnToolsVersion = 6.4;
						TestTargetID = 8ADE00061B8C5294007856B0;
					};
				};
			};
			buildConfigurationList = 8ADE00021B8C5294007856B0 /* Build configuration list for PBXProject "ManualUILayout" */;
			compatibilityVersion = "Xcode 3.2";
			developmentRegion = English;
			hasScannedForEncodings = 0;
			knownRegions = (
				en,
				Base,
			);
			mainGroup = 8ADEFFFE1B8C5294007856B0;
			productRefGroup = 8ADE00081B8C5294007856B0 /* Products */;
			projectDirPath = "";
			projectRoot = "";
			targets = (
				8ADE00061B8C5294007856B0 /* ManualUILayout */,
				8ADE001F1B8C5294007856B0 /* ManualUILayoutTests */,
			);
		};
/* End PBXProject section */

/* Begin PBXResourcesBuildPhase section */
		8ADE00051B8C5294007856B0 /* Resources */ = {
			isa = PBXResourcesBuildPhase;
			buildActionMask = 2147483647;
			files = (
				8ADE001B1B8C5294007856B0 /* LaunchScreen.xib in Resources */,
				8ADE00341B8C52ED007856B0 /* ViewController.xib in Resources */,
				8ADE00181B8C5294007856B0 /* Images.xcassets in Resources */,
				8AEE222C1B8EFEC600DDE369 /* MenuViewController.xib in Resources */,
				8AEE22321B8F0CEA00DDE369 /* Screen1ViewController.xib in Resources */,
			);
			runOnlyForDeploymentPostprocessing = 0;
		};
		8ADE001E1B8C5294007856B0 /* Resources */ = {
			isa = PBXResourcesBuildPhase;
			buildActionMask = 2147483647;
			files = (
			);
			runOnlyForDeploymentPostprocessing = 0;
		};
/* End PBXResourcesBuildPhase section */

/* Begin PBXSourcesBuildPhase section */
		8ADE00031B8C5294007856B0 /* Sources */ = {
			isa = PBXSourcesBuildPhase;
			buildActionMask = 2147483647;
			files = (
				8AB6E6CD1B98930700BF2F98 /* TestContainers.m in Sources */,
				8AC2AC4D1B9368200073FF20 /* User___.m in Sources */,
				8ADE00331B8C52ED007856B0 /* ViewController.m in Sources */,
				8AEE22311B8F0CEA00DDE369 /* Screen1ViewController.m in Sources */,
				8AEE222B1B8EFEC600DDE369 /* MenuViewController.m in Sources */,
				8ADE00381B8C59EB007856B0 /* SwitchContainer.m in Sources */,
				8AB6E6CA1B983E7100BF2F98 /* TestBlocks.m in Sources */,
				8ADE003B1B8C5A4F007856B0 /* Switch.m in Sources */,
				8AB6E6D01B9893B500BF2F98 /* User.m in Sources */,
				8ADE00101B8C5294007856B0 /* AppDelegate.m in Sources */,
				8AC2AC501B936A720073FF20 /* TestObjectiveC.m in Sources */,
				8ADE000D1B8C5294007856B0 /* main.m in Sources */,
			);
			runOnlyForDeploymentPostprocessing = 0;
		};
		8ADE001C1B8C5294007856B0 /* Sources */ = {
			isa = PBXSourcesBuildPhase;
			buildActionMask = 2147483647;
			files = (
				8ADE00271B8C5294007856B0 /* ManualUILayoutTests.m in Sources */,
			);
			runOnlyForDeploymentPostprocessing = 0;
		};
/* End PBXSourcesBuildPhase section */

/* Begin PBXTargetDependency section */
		8ADE00221B8C5294007856B0 /* PBXTargetDependency */ = {
			isa = PBXTargetDependency;
			target = 8ADE00061B8C5294007856B0 /* ManualUILayout */;
			targetProxy = 8ADE00211B8C5294007856B0 /* PBXContainerItemProxy */;
		};
/* End PBXTargetDependency section */

/* Begin PBXVariantGroup section */
		8ADE00191B8C5294007856B0 /* LaunchScreen.xib */ = {
			isa = PBXVariantGroup;
			children = (
				8ADE001A1B8C5294007856B0 /* Base */,
			);
			name = LaunchScreen.xib;
			sourceTree = "<group>";
		};
/* End PBXVariantGroup section */

/* Begin XCBuildConfiguration section */
		8ADE00281B8C5294007856B0 /* Debug */ = {
			isa = XCBuildConfiguration;
			buildSettings = {
				ALWAYS_SEARCH_USER_PATHS = NO;
				CLANG_CXX_LANGUAGE_STANDARD = "gnu++0x";
				CLANG_CXX_LIBRARY = "libc++";
				CLANG_ENABLE_MODULES = YES;
				CLANG_ENABLE_OBJC_ARC = YES;
				CLANG_WARN_BOOL_CONVERSION = YES;
				CLANG_WARN_CONSTANT_CONVERSION = YES;
				CLANG_WARN_DIRECT_OBJC_ISA_USAGE = YES_ERROR;
				CLANG_WARN_EMPTY_BODY = YES;
				CLANG_WARN_ENUM_CONVERSION = YES;
				CLANG_WARN_INT_CONVERSION = YES;
				CLANG_WARN_OBJC_ROOT_CLASS = YES_ERROR;
				CLANG_WARN_UNREACHABLE_CODE = YES;
				CLANG_WARN__DUPLICATE_METHOD_MATCH = YES;
				"CODE_SIGN_IDENTITY[sdk=iphoneos*]" = "iPhone Developer";
				COPY_PHASE_STRIP = NO;
				DEBUG_INFORMATION_FORMAT = "dwarf-with-dsym";
				ENABLE_STRICT_OBJC_MSGSEND = YES;
				GCC_C_LANGUAGE_STANDARD = gnu99;
				GCC_DYNAMIC_NO_PIC = NO;
				GCC_NO_COMMON_BLOCKS = YES;
				GCC_OPTIMIZATION_LEVEL = 0;
				GCC_PREPROCESSOR_DEFINITIONS = (
					"DEBUG=1",
					"$(inherited)",
				);
				GCC_SYMBOLS_PRIVATE_EXTERN = NO;
				GCC_WARN_64_TO_32_BIT_CONVERSION = YES;
				GCC_WARN_ABOUT_RETURN_TYPE = YES_ERROR;
				GCC_WARN_UNDECLARED_SELECTOR = YES;
				GCC_WARN_UNINITIALIZED_AUTOS = YES_AGGRESSIVE;
				GCC_WARN_UNUSED_FUNCTION = YES;
				GCC_WARN_UNUSED_VARIABLE = YES;
				IPHONEOS_DEPLOYMENT_TARGET = 8.4;
				MTL_ENABLE_DEBUG_INFO = YES;
				ONLY_ACTIVE_ARCH = YES;
				SDKROOT = iphoneos;
			};
			name = Debug;
		};
		8ADE00291B8C5294007856B0 /* Release */ = {
			isa = XCBuildConfiguration;
			buildSettings = {
				ALWAYS_SEARCH_USER_PATHS = NO;
				CLANG_CXX_LANGUAGE_STANDARD = "gnu++0x";
				CLANG_CXX_LIBRARY = "libc++";
				CLANG_ENABLE_MODULES = YES;
				CLANG_ENABLE_OBJC_ARC = YES;
				CLANG_WARN_BOOL_CONVERSION = YES;
				CLANG_WARN_CONSTANT_CONVERSION = YES;
				CLANG_WARN_DIRECT_OBJC_ISA_USAGE = YES_ERROR;
				CLANG_WARN_EMPTY_BODY = YES;
				CLANG_WARN_ENUM_CONVERSION = YES;
				CLANG_WARN_INT_CONVERSION = YES;
				CLANG_WARN_OBJC_ROOT_CLASS = YES_ERROR;
				CLANG_WARN_UNREACHABLE_CODE = YES;
				CLANG_WARN__DUPLICATE_METHOD_MATCH = YES;
				"CODE_SIGN_IDENTITY[sdk=iphoneos*]" = "iPhone Developer";
				COPY_PHASE_STRIP = NO;
				DEBUG_INFORMATION_FORMAT = "dwarf-with-dsym";
				ENABLE_NS_ASSERTIONS = NO;
				ENABLE_STRICT_OBJC_MSGSEND = YES;
				GCC_C_LANGUAGE_STANDARD = gnu99;
				GCC_NO_COMMON_BLOCKS = YES;
				GCC_WARN_64_TO_32_BIT_CONVERSION = YES;
				GCC_WARN_ABOUT_RETURN_TYPE = YES_ERROR;
				GCC_WARN_UNDECLARED_SELECTOR = YES;
				GCC_WARN_UNINITIALIZED_AUTOS = YES_AGGRESSIVE;
				GCC_WARN_UNUSED_FUNCTION = YES;
				GCC_WARN_UNUSED_VARIABLE = YES;
				IPHONEOS_DEPLOYMENT_TARGET = 8.4;
				MTL_ENABLE_DEBUG_INFO = NO;
				SDKROOT = iphoneos;
				VALIDATE_PRODUCT = YES;
			};
			name = Release;
		};
		8ADE002B1B8C5294007856B0 /* Debug */ = {
			isa = XCBuildConfiguration;
			buildSettings = {
				ASSETCATALOG_COMPILER_APPICON_NAME = AppIcon;
				INFOPLIST_FILE = ManualUILayout/Info.plist;
				LD_RUNPATH_SEARCH_PATHS = "$(inherited) @executable_path/Frameworks";
				PRODUCT_NAME = "$(TARGET_NAME)";
			};
			name = Debug;
		};
		8ADE002C1B8C5294007856B0 /* Release */ = {
			isa = XCBuildConfiguration;
			buildSettings = {
				ASSETCATALOG_COMPILER_APPICON_NAME = AppIcon;
				INFOPLIST_FILE = ManualUILayout/Info.plist;
				LD_RUNPATH_SEARCH_PATHS = "$(inherited) @executable_path/Frameworks";
				PRODUCT_NAME = "$(TARGET_NAME)";
			};
			name = Release;
		};
		8ADE002E1B8C5294007856B0 /* Debug */ = {
			isa = XCBuildConfiguration;
			buildSettings = {
				BUNDLE_LOADER = "$(TEST_HOST)";
				FRAMEWORK_SEARCH_PATHS = (
					"$(SDKROOT)/Developer/Library/Frameworks",
					"$(inherited)",
				);
				GCC_PREPROCESSOR_DEFINITIONS = (
					"DEBUG=1",
					"$(inherited)",
				);
				INFOPLIST_FILE = ManualUILayoutTests/Info.plist;
				LD_RUNPATH_SEARCH_PATHS = "$(inherited) @executable_path/Frameworks @loader_path/Frameworks";
				PRODUCT_NAME = "$(TARGET_NAME)";
				TEST_HOST = "$(BUILT_PRODUCTS_DIR)/ManualUILayout.app/ManualUILayout";
			};
			name = Debug;
		};
		8ADE002F1B8C5294007856B0 /* Release */ = {
			isa = XCBuildConfiguration;
			buildSettings = {
				BUNDLE_LOADER = "$(TEST_HOST)";
				FRAMEWORK_SEARCH_PATHS = (
					"$(SDKROOT)/Developer/Library/Frameworks",
					"$(inherited)",
				);
				INFOPLIST_FILE = ManualUILayoutTests/Info.plist;
				LD_RUNPATH_SEARCH_PATHS = "$(inherited) @executable_path/Frameworks @loader_path/Frameworks";
				PRODUCT_NAME = "$(TARGET_NAME)";
				TEST_HOST = "$(BUILT_PRODUCTS_DIR)/ManualUILayout.app/ManualUILayout";
			};
			name = Release;
		};
/* End XCBuildConfiguration section */

/* Begin XCConfigurationList section */
		8ADE00021B8C5294007856B0 /* Build configuration list for PBXProject "ManualUILayout" */ = {
			isa = XCConfigurationList;
			buildConfigurations = (
				8ADE00281B8C5294007856B0 /* Debug */,
				8ADE00291B8C5294007856B0 /* Release */,
			);
			defaultConfigurationIsVisible = 0;
			defaultConfigurationName = Release;
		};
		8ADE002A1B8C5294007856B0 /* Build configuration list for PBXNativeTarget "ManualUILayout" */ = {
			isa = XCConfigurationList;
			buildConfigurations = (
				8ADE002B1B8C5294007856B0 /* Debug */,
				8ADE002C1B8C5294007856B0 /* Release */,
			);
			defaultConfigurationIsVisible = 0;
			defaultConfigurationName = Release;
		};
		8ADE002D1B8C5294007856B0 /* Build configuration list for PBXNativeTarget "ManualUILayoutTests" */ = {
			isa = XCConfigurationList;
			buildConfigurations = (
				8ADE002E1B8C5294007856B0 /* Debug */,
				8ADE002F1B8C5294007856B0 /* Release */,
			);
			defaultConfigurationIsVisible = 0;
			defaultConfigurationName = Release;
		};
/* End XCConfigurationList section */
	};
	rootObject = 8ADEFFFF1B8C5294007856B0 /* Project object */;
}
